Microsoft Visual Studio Solution File, Format Version 12.00
# Visual Studio Version 17
VisualStudioVersion = 17.5.2.0
MinimumVisualStudioVersion = 10.0.40219.1
Project("{FAE04EC0-301F-11D3-BF4B-00C04F79EFBC}") = "MicroFinanceAppGithub", "MicroFinanceAppGithub.csproj", "{FC024A4A-BC18-325A-4EF2-D7D38E6B6A74}"
EndProject
Global
	GlobalSection(SolutionConfigurationPlatforms) = preSolution
		Debug|Any CPU = Debug|Any CPU
		Release|Any CPU = Release|Any CPU
	EndGlobalSection
	GlobalSection(ProjectConfigurationPlatforms) = postSolution
		{FC024A4A-BC18-325A-4EF2-D7D38E6B6A74}.Debug|Any CPU.ActiveCfg = Debug|Any CPU
		{FC024A4A-BC18-325A-4EF2-D7D38E6B6A74}.Debug|Any CPU.Build.0 = Debug|Any CPU
		{FC024A4A-BC18-325A-4EF2-D7D38E6B6A74}.Release|Any CPU.ActiveCfg = Release|Any CPU
		{FC024A4A-BC18-325A-4EF2-D7D38E6B6A74}.Release|Any CPU.Build.0 = Release|Any CPU
	EndGlobalSection
	GlobalSection(SolutionProperties) = preSolution
		HideSolutionNode = FALSE
	EndGlobalSection
	GlobalSection(ExtensibilityGlobals) = postSolution
		SolutionGuid = {A4EA34E8-2EC2-48DB-A86A-335A44AC1742}
	EndGlobalSection
EndGlobal
